
Microsoft Visual Studio Solution File, Format Version 12.00
# Visual Studio Version 17
VisualStudioVersion = 17.0.31903.59
MinimumVisualStudioVersion = 10.0.40219.1
Project("{FAE04EC0-301F-11D3-BF4B-00C04F79EFBC}") = "API", "API\API.csproj", "{9F145964-4701-47EC-8E25-67C3184A43B2}"
EndProject
Project("{FAE04EC0-301F-11D3-BF4B-00C04F79EFBC}") = "Application", "Application\Application.csproj", "{C441B81D-9C74-49DB-A4F8-B2B32FFD4173}"
EndProject
Project("{FAE04EC0-301F-11D3-BF4B-00C04F79EFBC}") = "Domain", "Domain\Domain.csproj", "{D41CC765-E343-4F17-821E-DFBCAFB78A37}"
EndProject
Project("{FAE04EC0-301F-11D3-BF4B-00C04F79EFBC}") = "Persistence", "Persistence\Persistence.csproj", "{00840E1A-33EF-45EA-848D-504751F7B8E5}"
EndProject
Project("{FAE04EC0-301F-11D3-BF4B-00C04F79EFBC}") = "Infrastructure", "Infrastructure\Infrastructure.csproj", "{20495A24-0A4A-4628-9A36-A9F3664C5F80}"
EndProject
Global
	GlobalSection(SolutionConfigurationPlatforms) = preSolution
		Debug|Any CPU = Debug|Any CPU
		Release|Any CPU = Release|Any CPU
	EndGlobalSection
	GlobalSection(SolutionProperties) = preSolution
		HideSolutionNode = FALSE
	EndGlobalSection
	GlobalSection(ProjectConfigurationPlatforms) = postSolution
		{9F145964-4701-47EC-8E25-67C3184A43B2}.Debug|Any CPU.ActiveCfg = Debug|Any CPU
		{9F145964-4701-47EC-8E25-67C3184A43B2}.Debug|Any CPU.Build.0 = Debug|Any CPU
		{9F145964-4701-47EC-8E25-67C3184A43B2}.Release|Any CPU.ActiveCfg = Release|Any CPU
		{9F145964-4701-47EC-8E25-67C3184A43B2}.Release|Any CPU.Build.0 = Release|Any CPU
		{C441B81D-9C74-49DB-A4F8-B2B32FFD4173}.Debug|Any CPU.ActiveCfg = Debug|Any CPU
		{C441B81D-9C74-49DB-A4F8-B2B32FFD4173}.Debug|Any CPU.Build.0 = Debug|Any CPU
		{C441B81D-9C74-49DB-A4F8-B2B32FFD4173}.Release|Any CPU.ActiveCfg = Release|Any CPU
		{C441B81D-9C74-49DB-A4F8-B2B32FFD4173}.Release|Any CPU.Build.0 = Release|Any CPU
		{D41CC765-E343-4F17-821E-DFBCAFB78A37}.Debug|Any CPU.ActiveCfg = Debug|Any CPU
		{D41CC765-E343-4F17-821E-DFBCAFB78A37}.Debug|Any CPU.Build.0 = Debug|Any CPU
		{D41CC765-E343-4F17-821E-DFBCAFB78A37}.Release|Any CPU.ActiveCfg = Release|Any CPU
		{D41CC765-E343-4F17-821E-DFBCAFB78A37}.Release|Any CPU.Build.0 = Release|Any CPU
		{00840E1A-33EF-45EA-848D-504751F7B8E5}.Debug|Any CPU.ActiveCfg = Debug|Any CPU
		{00840E1A-33EF-45EA-848D-504751F7B8E5}.Debug|Any CPU.Build.0 = Debug|Any CPU
		{00840E1A-33EF-45EA-848D-504751F7B8E5}.Release|Any CPU.ActiveCfg = Release|Any CPU
		{00840E1A-33EF-45EA-848D-504751F7B8E5}.Release|Any CPU.Build.0 = Release|Any CPU
		{20495A24-0A4A-4628-9A36-A9F3664C5F80}.Debug|Any CPU.ActiveCfg = Debug|Any CPU
		{20495A24-0A4A-4628-9A36-A9F3664C5F80}.Debug|Any CPU.Build.0 = Debug|Any CPU
		{20495A24-0A4A-4628-9A36-A9F3664C5F80}.Release|Any CPU.ActiveCfg = Release|Any CPU
		{20495A24-0A4A-4628-9A36-A9F3664C5F80}.Release|Any CPU.Build.0 = Release|Any CPU
	EndGlobalSection
EndGlobal
